
Microsoft Visual Studio Solution File, Format Version 12.00
# Visual Studio Version 16
VisualStudioVersion = 16.0.30907.101
MinimumVisualStudioVersion = 10.0.40219.1
Project("{FAE04EC0-301F-11D3-BF4B-00C04F79EFBC}") = "DegerveReferansTipler", "ConsoleProject\DegerveReferansTipler.csproj", "{5E1644F0-9E7B-4B07-97DC-3A4E1AC0E6F0}"
EndProject
Project("{FAE04EC0-301F-11D3-BF4B-00C04F79EFBC}") = "ClassMetotDemo", "ClassMetotDemo\ClassMetotDemo.csproj", "{A815BBC9-5DCB-4D31-B2AB-F3941E10EFAE}"
EndProject
Global
	GlobalSection(SolutionConfigurationPlatforms) = preSolution
		Debug|Any CPU = Debug|Any CPU
		Release|Any CPU = Release|Any CPU
	EndGlobalSection
	GlobalSection(ProjectConfigurationPlatforms) = postSolution
		{5E1644F0-9E7B-4B07-97DC-3A4E1AC0E6F0}.Debug|Any CPU.ActiveCfg = Debug|Any CPU
		{5E1644F0-9E7B-4B07-97DC-3A4E1AC0E6F0}.Debug|Any CPU.Build.0 = Debug|Any CPU
		{5E1644F0-9E7B-4B07-97DC-3A4E1AC0E6F0}.Release|Any CPU.ActiveCfg = Release|Any CPU
		{5E1644F0-9E7B-4B07-97DC-3A4E1AC0E6F0}.Release|Any CPU.Build.0 = Release|Any CPU
		{A815BBC9-5DCB-4D31-B2AB-F3941E10EFAE}.Debug|Any CPU.ActiveCfg = Debug|Any CPU
		{A815BBC9-5DCB-4D31-B2AB-F3941E10EFAE}.Debug|Any CPU.Build.0 = Debug|Any CPU
		{A815BBC9-5DCB-4D31-B2AB-F3941E10EFAE}.Release|Any CPU.ActiveCfg = Release|Any CPU
		{A815BBC9-5DCB-4D31-B2AB-F3941E10EFAE}.Release|Any CPU.Build.0 = Release|Any CPU
	EndGlobalSection
	GlobalSection(SolutionProperties) = preSolution
		HideSolutionNode = FALSE
	EndGlobalSection
	GlobalSection(ExtensibilityGlobals) = postSolution
		SolutionGuid = {4ED3642E-4B53-498D-B894-54CEEA09BC86}
	EndGlobalSection
EndGlobal
